
Microsoft Visual Studio Solution File, Format Version 12.00
# Visual Studio Version 17
VisualStudioVersion = 17.1.32210.238
MinimumVisualStudioVersion = 10.0.40219.1
Project("{FAE04EC0-301F-11D3-BF4B-00C04F79EFBC}") = "FreyaClient", "FreyaClient\FreyaClient.csproj", "{EB196D60-A988-424B-AE73-BA7FE19D202C}"
EndProject
Global
	GlobalSection(SolutionConfigurationPlatforms) = preSolution
		Debug|Any CPU = Debug|Any CPU
		Release|Any CPU = Release|Any CPU
	EndGlobalSection
	GlobalSection(ProjectConfigurationPlatforms) = postSolution
		{EB196D60-A988-424B-AE73-BA7FE19D202C}.Debug|Any CPU.ActiveCfg = Debug|Any CPU
		{EB196D60-A988-424B-AE73-BA7FE19D202C}.Debug|Any CPU.Build.0 = Debug|Any CPU
		{EB196D60-A988-424B-AE73-BA7FE19D202C}.Release|Any CPU.ActiveCfg = Release|Any CPU
		{EB196D60-A988-424B-AE73-BA7FE19D202C}.Release|Any CPU.Build.0 = Release|Any CPU
	EndGlobalSection
	GlobalSection(SolutionProperties) = preSolution
		HideSolutionNode = FALSE
	EndGlobalSection
	GlobalSection(ExtensibilityGlobals) = postSolution
		SolutionGuid = {68A52FA0-1AFC-4E7A-8346-4EE2227FF339}
	EndGlobalSection
EndGlobal
