
Microsoft Visual Studio Solution File, Format Version 12.00
# Visual Studio Version 17
VisualStudioVersion = 17.1.32210.238
MinimumVisualStudioVersion = 10.0.40219.1
Project("{FAE04EC0-301F-11D3-BF4B-00C04F79EFBC}") = "FreyaServer", "FreyaServer\FreyaServer.csproj", "{A3417CD1-66AF-448D-807F-8F4E01BE7697}"
EndProject
Project("{FAE04EC0-301F-11D3-BF4B-00C04F79EFBC}") = "FreyaClient", "..\FreyaClient\FreyaClient.csproj", "{5E8C19BD-0E16-4764-BBD9-E708F2E5CD1B}"
EndProject
Global
	GlobalSection(SolutionConfigurationPlatforms) = preSolution
		Debug|Any CPU = Debug|Any CPU
		Release|Any CPU = Release|Any CPU
	EndGlobalSection
	GlobalSection(ProjectConfigurationPlatforms) = postSolution
		{A3417CD1-66AF-448D-807F-8F4E01BE7697}.Debug|Any CPU.ActiveCfg = Debug|Any CPU
		{A3417CD1-66AF-448D-807F-8F4E01BE7697}.Debug|Any CPU.Build.0 = Debug|Any CPU
		{A3417CD1-66AF-448D-807F-8F4E01BE7697}.Release|Any CPU.ActiveCfg = Release|Any CPU
		{A3417CD1-66AF-448D-807F-8F4E01BE7697}.Release|Any CPU.Build.0 = Release|Any CPU
		{5E8C19BD-0E16-4764-BBD9-E708F2E5CD1B}.Debug|Any CPU.ActiveCfg = Debug|Any CPU
		{5E8C19BD-0E16-4764-BBD9-E708F2E5CD1B}.Debug|Any CPU.Build.0 = Debug|Any CPU
		{5E8C19BD-0E16-4764-BBD9-E708F2E5CD1B}.Release|Any CPU.ActiveCfg = Release|Any CPU
		{5E8C19BD-0E16-4764-BBD9-E708F2E5CD1B}.Release|Any CPU.Build.0 = Release|Any CPU
	EndGlobalSection
	GlobalSection(SolutionProperties) = preSolution
		HideSolutionNode = FALSE
	EndGlobalSection
	GlobalSection(ExtensibilityGlobals) = postSolution
		SolutionGuid = {5C9F8DB9-FB70-4BCE-8C21-411E5B390CC8}
	EndGlobalSection
EndGlobal
